// !$*UTF8*$!
{
	archiveVersion = 1;
	classes = {
	};
	objectVersion = 46;
	objects = {

/* Begin PBXBuildFile section */
		B7117D3D1B31FFF900968426 /* NavigationController.m in Sources */ = {isa = PBXBuildFile; fileRef = B7117D3C1B31FFF900968426 /* NavigationController.m */; };
		B7117D521B38A7A800968426 /* libUGrokItApi.a in Frameworks */ = {isa = PBXBuildFile; fileRef = B7117D511B38A7A800968426 /* libUGrokItApi.a */; };
		B71C5C5B1AF000C700D28341 /* main.m in Sources */ = {isa = PBXBuildFile; fileRef = B71C5C5A1AF000C700D28341 /* main.m */; };
		B71C5C5E1AF000C700D28341 /* AppDelegate.m in Sources */ = {isa = PBXBuildFile; fileRef = B71C5C5D1AF000C700D28341 /* AppDelegate.m */; };
		B71C5C641AF000C700D28341 /* Main.storyboard in Resources */ = {isa = PBXBuildFile; fileRef = B71C5C621AF000C700D28341 /* Main.storyboard */; };
		B71C5C661AF000C700D28341 /* Images.xcassets in Resources */ = {isa = PBXBuildFile; fileRef = B71C5C651AF000C700D28341 /* Images.xcassets */; };
		B71C5C691AF000C700D28341 /* LaunchScreen.xib in Resources */ = {isa = PBXBuildFile; fileRef = B71C5C671AF000C700D28341 /* LaunchScreen.xib */; };
		B71C5C751AF000C700D28341 /* ValiTagTests.m in Sources */ = {isa = PBXBuildFile; fileRef = B71C5C741AF000C700D28341 /* ValiTagTests.m */; };
		B71C5C7F1AF00E3D00D28341 /* AVFoundation.framework in Frameworks */ = {isa = PBXBuildFile; fileRef = B71C5C7E1AF00E3D00D28341 /* AVFoundation.framework */; };
		B71C5C821AF0108C00D28341 /* ScannerViewController.m in Sources */ = {isa = PBXBuildFile; fileRef = B71C5C811AF0108C00D28341 /* ScannerViewController.m */; };
		B76E24B61B7E4CAF004E8F73 /* EPCEncoderTests.m in Sources */ = {isa = PBXBuildFile; fileRef = B76E24B51B7E4CAF004E8F73 /* EPCEncoderTests.m */; };
		B76E24BC1B7E4D71004E8F73 /* ScannerVCTests.m in Sources */ = {isa = PBXBuildFile; fileRef = B76E24BB1B7E4D71004E8F73 /* ScannerVCTests.m */; };
		B79B20131AFA6FD800B7900D /* DataViewController.m in Sources */ = {isa = PBXBuildFile; fileRef = B79B20121AFA6FD800B7900D /* DataViewController.m */; };
		B7B18C351AF425B100025761 /* AudioToolbox.framework in Frameworks */ = {isa = PBXBuildFile; fileRef = B7B18C341AF425B100025761 /* AudioToolbox.framework */; };
		B7B18C371AF425BC00025761 /* MediaPlayer.framework in Frameworks */ = {isa = PBXBuildFile; fileRef = B7B18C361AF425BC00025761 /* MediaPlayer.framework */; };
		B7B18C391AF425C900025761 /* SystemConfiguration.framework in Frameworks */ = {isa = PBXBuildFile; fileRef = B7B18C381AF425C900025761 /* SystemConfiguration.framework */; };
		B7B18C3B1AF425D900025761 /* libz.1.2.5.dylib in Frameworks */ = {isa = PBXBuildFile; fileRef = B7B18C3A1AF425D900025761 /* libz.1.2.5.dylib */; };
		B7BE3A6C21C6F0FF00BDC0AB /* CheckDataObject.m in Sources */ = {isa = PBXBuildFile; fileRef = B7BE3A6B21C6F0FF00BDC0AB /* CheckDataObject.m */; };
		B7D5C9B91BCE073100EDCCC0 /* EPCEncoder.framework in Frameworks */ = {isa = PBXBuildFile; fileRef = B7D5C9B81BCE073100EDCCC0 /* EPCEncoder.framework */; };
		B7D5C9BA1BCE07C700EDCCC0 /* EPCEncoder.framework in Frameworks */ = {isa = PBXBuildFile; fileRef = B7D5C9B81BCE073100EDCCC0 /* EPCEncoder.framework */; };
		B7DA2FC81B7994FB00F4C2FC /* libsymbolrfid-sdk.a in Frameworks */ = {isa = PBXBuildFile; fileRef = B7DA2FC71B7994FB00F4C2FC /* libsymbolrfid-sdk.a */; };
		B7DA2FCC1B79977500F4C2FC /* CoreBluetooth.framework in Frameworks */ = {isa = PBXBuildFile; fileRef = B7DA2FCB1B79977500F4C2FC /* CoreBluetooth.framework */; };
		B7DA2FCE1B79978200F4C2FC /* ExternalAccessory.framework in Frameworks */ = {isa = PBXBuildFile; fileRef = B7DA2FCD1B79978200F4C2FC /* ExternalAccessory.framework */; };
		B7FEE0C31BF57E500030D260 /* ConverterTests.m in Sources */ = {isa = PBXBuildFile; fileRef = B7FEE0C21BF57E500030D260 /* ConverterTests.m */; };
/* End PBXBuildFile section */

/* Begin PBXContainerItemProxy section */
		B71C5C6F1AF000C700D28341 /* PBXContainerItemProxy */ = {
			isa = PBXContainerItemProxy;
			containerPortal = B71C5C4D1AF000C700D28341 /* Project object */;
			proxyType = 1;
			remoteGlobalIDString = B71C5C541AF000C700D28341;
			remoteInfo = ValiTag;
		};
/* End PBXContainerItemProxy section */

/* Begin PBXFileReference section */
		B7117D3B1B31FFF900968426 /* NavigationController.h */ = {isa = PBXFileReference; fileEncoding = 4; lastKnownFileType = sourcecode.c.h; path = NavigationController.h; sourceTree = "<group>"; };
		B7117D3C1B31FFF900968426 /* NavigationController.m */ = {isa = PBXFileReference; fileEncoding = 4; lastKnownFileType = sourcecode.c.objc; path = NavigationController.m; sourceTree = "<group>"; };
		B7117D511B38A7A800968426 /* libUGrokItApi.a */ = {isa = PBXFileReference; lastKnownFileType = archive.ar; name = libUGrokItApi.a; path = uGrokit/libUGrokItApi.a; sourceTree = "<group>"; };
		B71C5C551AF000C700D28341 /* ValiTag.app */ = {isa = PBXFileReference; explicitFileType = wrapper.application; includeInIndex = 0; path = ValiTag.app; sourceTree = BUILT_PRODUCTS_DIR; };
		B71C5C591AF000C700D28341 /* Info.plist */ = {isa = PBXFileReference; lastKnownFileType = text.plist.xml; path = Info.plist; sourceTree = "<group>"; };
		B71C5C5A1AF000C700D28341 /* main.m */ = {isa = PBXFileReference; lastKnownFileType = sourcecode.c.objc; path = main.m; sourceTree = "<group>"; };
		B71C5C5C1AF000C700D28341 /* AppDelegate.h */ = {isa = PBXFileReference; lastKnownFileType = sourcecode.c.h; path = AppDelegate.h; sourceTree = "<group>"; };
		B71C5C5D1AF000C700D28341 /* AppDelegate.m */ = {isa = PBXFileReference; lastKnownFileType = sourcecode.c.objc; path = AppDelegate.m; sourceTree = "<group>"; };
		B71C5C631AF000C700D28341 /* Base */ = {isa = PBXFileReference; lastKnownFileType = file.storyboard; name = Base; path = Base.lproj/Main.storyboard; sourceTree = "<group>"; };
		B71C5C651AF000C700D28341 /* Images.xcassets */ = {isa = PBXFileReference; lastKnownFileType = folder.assetcatalog; path = Images.xcassets; sourceTree = "<group>"; };
		B71C5C681AF000C700D28341 /* Base */ = {isa = PBXFileReference; lastKnownFileType = file.xib; name = Base; path = Base.lproj/LaunchScreen.xib; sourceTree = "<group>"; };
		B71C5C6E1AF000C700D28341 /* ValiTagTests.xctest */ = {isa = PBXFileReference; explicitFileType = wrapper.cfbundle; includeInIndex = 0; path = ValiTagTests.xctest; sourceTree = BUILT_PRODUCTS_DIR; };
		B71C5C731AF000C700D28341 /* Info.plist */ = {isa = PBXFileReference; lastKnownFileType = text.plist.xml; path = Info.plist; sourceTree = "<group>"; };
		B71C5C741AF000C700D28341 /* ValiTagTests.m */ = {isa = PBXFileReference; lastKnownFileType = sourcecode.c.objc; path = ValiTagTests.m; sourceTree = "<group>"; };
		B71C5C7E1AF00E3D00D28341 /* AVFoundation.framework */ = {isa = PBXFileReference; lastKnownFileType = wrapper.framework; name = AVFoundation.framework; path = System/Library/Frameworks/AVFoundation.framework; sourceTree = SDKROOT; };
		B71C5C801AF0108C00D28341 /* ScannerViewController.h */ = {isa = PBXFileReference; fileEncoding = 4; lastKnownFileType = sourcecode.c.h; path = ScannerViewController.h; sourceTree = "<group>"; };
		B71C5C811AF0108C00D28341 /* ScannerViewController.m */ = {isa = PBXFileReference; fileEncoding = 4; lastKnownFileType = sourcecode.c.objc; path = ScannerViewController.m; sourceTree = "<group>"; };
		B76E24B51B7E4CAF004E8F73 /* EPCEncoderTests.m */ = {isa = PBXFileReference; fileEncoding = 4; lastKnownFileType = sourcecode.c.objc; path = EPCEncoderTests.m; sourceTree = "<group>"; };
		B76E24BB1B7E4D71004E8F73 /* ScannerVCTests.m */ = {isa = PBXFileReference; fileEncoding = 4; lastKnownFileType = sourcecode.c.objc; path = ScannerVCTests.m; sourceTree = "<group>"; };
		B77B31EC1BBC0C5C0017348E /* Ugi.h */ = {isa = PBXFileReference; fileEncoding = 4; lastKnownFileType = sourcecode.c.h; path = Ugi.h; sourceTree = "<group>"; };
		B77B31ED1BBC0C5C0017348E /* Ugi_antennaTuning.h */ = {isa = PBXFileReference; fileEncoding = 4; lastKnownFileType = sourcecode.c.h; path = Ugi_antennaTuning.h; sourceTree = "<group>"; };
		B77B31EE1BBC0C5C0017348E /* Ugi_firmwareUpdate.h */ = {isa = PBXFileReference; fileEncoding = 4; lastKnownFileType = sourcecode.c.h; path = Ugi_firmwareUpdate.h; sourceTree = "<group>"; };
		B77B31EF1BBC0C5C0017348E /* Ugi_regions.h */ = {isa = PBXFileReference; fileEncoding = 4; lastKnownFileType = sourcecode.c.h; path = Ugi_regions.h; sourceTree = "<group>"; };
		B77B31F01BBC0C5C0017348E /* UgiConfigurationDelegate.h */ = {isa = PBXFileReference; fileEncoding = 4; lastKnownFileType = sourcecode.c.h; path = UgiConfigurationDelegate.h; sourceTree = "<group>"; };
		B77B31F11BBC0C5C0017348E /* UgiDefaultConfigurationUi.h */ = {isa = PBXFileReference; fileEncoding = 4; lastKnownFileType = sourcecode.c.h; path = UgiDefaultConfigurationUi.h; sourceTree = "<group>"; };
		B77B31F21BBC0C5C0017348E /* UgiEpc.h */ = {isa = PBXFileReference; fileEncoding = 4; lastKnownFileType = sourcecode.c.h; path = UgiEpc.h; sourceTree = "<group>"; };
		B77B31F31BBC0C5C0017348E /* UgiInventory.h */ = {isa = PBXFileReference; fileEncoding = 4; lastKnownFileType = sourcecode.c.h; path = UgiInventory.h; sourceTree = "<group>"; };
		B77B31F41BBC0C5C0017348E /* UgiInventoryDelegate.h */ = {isa = PBXFileReference; fileEncoding = 4; lastKnownFileType = sourcecode.c.h; path = UgiInventoryDelegate.h; sourceTree = "<group>"; };
		B77B31F51BBC0C5C0017348E /* UgiJson.h */ = {isa = PBXFileReference; fileEncoding = 4; lastKnownFileType = sourcecode.c.h; path = UgiJson.h; sourceTree = "<group>"; };
		B77B31F61BBC0C5C0017348E /* UgiRfidConfiguration.h */ = {isa = PBXFileReference; fileEncoding = 4; lastKnownFileType = sourcecode.c.h; path = UgiRfidConfiguration.h; sourceTree = "<group>"; };
		B77B31F71BBC0C5C0017348E /* UgiTag.h */ = {isa = PBXFileReference; fileEncoding = 4; lastKnownFileType = sourcecode.c.h; path = UgiTag.h; sourceTree = "<group>"; };
		B77B31F81BBC0C5C0017348E /* UgiTagReadState.h */ = {isa = PBXFileReference; fileEncoding = 4; lastKnownFileType = sourcecode.c.h; path = UgiTagReadState.h; sourceTree = "<group>"; };
		B77B31F91BBC0C5C0017348E /* UgiUiUtil.h */ = {isa = PBXFileReference; fileEncoding = 4; lastKnownFileType = sourcecode.c.h; path = UgiUiUtil.h; sourceTree = "<group>"; };
		B77B31FA1BBC0C5C0017348E /* UgiUtil.h */ = {isa = PBXFileReference; fileEncoding = 4; lastKnownFileType = sourcecode.c.h; path = UgiUtil.h; sourceTree = "<group>"; };
		B77B31FC1BBC0C950017348E /* AccessOperationCode.h */ = {isa = PBXFileReference; fileEncoding = 4; lastKnownFileType = sourcecode.c.h; path = AccessOperationCode.h; sourceTree = "<group>"; };
		B77B31FD1BBC0C950017348E /* RfidAccessConfig.h */ = {isa = PBXFileReference; fileEncoding = 4; lastKnownFileType = sourcecode.c.h; path = RfidAccessConfig.h; sourceTree = "<group>"; };
		B77B31FE1BBC0C950017348E /* RfidAntennaConfiguration.h */ = {isa = PBXFileReference; fileEncoding = 4; lastKnownFileType = sourcecode.c.h; path = RfidAntennaConfiguration.h; sourceTree = "<group>"; };
		B77B31FF1BBC0C950017348E /* RfidBatteryEvent.h */ = {isa = PBXFileReference; fileEncoding = 4; lastKnownFileType = sourcecode.c.h; path = RfidBatteryEvent.h; sourceTree = "<group>"; };
		B77B32001BBC0C950017348E /* RfidDynamicPowerConfig.h */ = {isa = PBXFileReference; fileEncoding = 4; lastKnownFileType = sourcecode.c.h; path = RfidDynamicPowerConfig.h; sourceTree = "<group>"; };
		B77B32011BBC0C950017348E /* RfidLinkProfile.h */ = {isa = PBXFileReference; fileEncoding = 4; lastKnownFileType = sourcecode.c.h; path = RfidLinkProfile.h; sourceTree = "<group>"; };
		B77B32021BBC0C950017348E /* RfidPreFilter.h */ = {isa = PBXFileReference; fileEncoding = 4; lastKnownFileType = sourcecode.c.h; path = RfidPreFilter.h; sourceTree = "<group>"; };
		B77B32031BBC0C950017348E /* RfidReaderCapabilitiesInfo.h */ = {isa = PBXFileReference; fileEncoding = 4; lastKnownFileType = sourcecode.c.h; path = RfidReaderCapabilitiesInfo.h; sourceTree = "<group>"; };
		B77B32041BBC0C950017348E /* RfidReaderInfo.h */ = {isa = PBXFileReference; fileEncoding = 4; lastKnownFileType = sourcecode.c.h; path = RfidReaderInfo.h; sourceTree = "<group>"; };
		B77B32051BBC0C950017348E /* RfidReaderVersionInfo.h */ = {isa = PBXFileReference; fileEncoding = 4; lastKnownFileType = sourcecode.c.h; path = RfidReaderVersionInfo.h; sourceTree = "<group>"; };
		B77B32061BBC0C950017348E /* RfidRegionInfo.h */ = {isa = PBXFileReference; fileEncoding = 4; lastKnownFileType = sourcecode.c.h; path = RfidRegionInfo.h; sourceTree = "<group>"; };
		B77B32071BBC0C950017348E /* RfidRegulatoryConfig.h */ = {isa = PBXFileReference; fileEncoding = 4; lastKnownFileType = sourcecode.c.h; path = RfidRegulatoryConfig.h; sourceTree = "<group>"; };
		B77B32081BBC0C950017348E /* RfidReportConfig.h */ = {isa = PBXFileReference; fileEncoding = 4; lastKnownFileType = sourcecode.c.h; path = RfidReportConfig.h; sourceTree = "<group>"; };
		B77B32091BBC0C950017348E /* RfidSdkApi.h */ = {isa = PBXFileReference; fileEncoding = 4; lastKnownFileType = sourcecode.c.h; path = RfidSdkApi.h; sourceTree = "<group>"; };
		B77B320A1BBC0C950017348E /* RfidSdkApiDelegate.h */ = {isa = PBXFileReference; fileEncoding = 4; lastKnownFileType = sourcecode.c.h; path = RfidSdkApiDelegate.h; sourceTree = "<group>"; };
		B77B320B1BBC0C950017348E /* RfidSdkDefs.h */ = {isa = PBXFileReference; fileEncoding = 4; lastKnownFileType = sourcecode.c.h; path = RfidSdkDefs.h; sourceTree = "<group>"; };
		B77B320C1BBC0C950017348E /* RfidSdkFactory.h */ = {isa = PBXFileReference; fileEncoding = 4; lastKnownFileType = sourcecode.c.h; path = RfidSdkFactory.h; sourceTree = "<group>"; };
		B77B320D1BBC0C950017348E /* RfidSingulationConfig.h */ = {isa = PBXFileReference; fileEncoding = 4; lastKnownFileType = sourcecode.c.h; path = RfidSingulationConfig.h; sourceTree = "<group>"; };
		B77B320E1BBC0C950017348E /* RfidStartTriggerConfig.h */ = {isa = PBXFileReference; fileEncoding = 4; lastKnownFileType = sourcecode.c.h; path = RfidStartTriggerConfig.h; sourceTree = "<group>"; };
		B77B320F1BBC0C950017348E /* RfidStopTriggerConfig.h */ = {isa = PBXFileReference; fileEncoding = 4; lastKnownFileType = sourcecode.c.h; path = RfidStopTriggerConfig.h; sourceTree = "<group>"; };
		B77B32101BBC0C950017348E /* RfidTagData.h */ = {isa = PBXFileReference; fileEncoding = 4; lastKnownFileType = sourcecode.c.h; path = RfidTagData.h; sourceTree = "<group>"; };
		B77B32111BBC0C950017348E /* RfidTagReportConfig.h */ = {isa = PBXFileReference; fileEncoding = 4; lastKnownFileType = sourcecode.c.h; path = RfidTagReportConfig.h; sourceTree = "<group>"; };
		B79B20111AFA6FD800B7900D /* DataViewController.h */ = {isa = PBXFileReference; fileEncoding = 4; lastKnownFileType = sourcecode.c.h; path = DataViewController.h; sourceTree = "<group>"; };
		B79B20121AFA6FD800B7900D /* DataViewController.m */ = {isa = PBXFileReference; fileEncoding = 4; lastKnownFileType = sourcecode.c.objc; path = DataViewController.m; sourceTree = "<group>"; };
		B7A733C51C0396E9008F2030 /* ValiTag.entitlements */ = {isa = PBXFileReference; lastKnownFileType = text.xml; path = ValiTag.entitlements; sourceTree = "<group>"; };
		B7B18C341AF425B100025761 /* AudioToolbox.framework */ = {isa = PBXFileReference; lastKnownFileType = wrapper.framework; name = AudioToolbox.framework; path = System/Library/Frameworks/AudioToolbox.framework; sourceTree = SDKROOT; };
		B7B18C361AF425BC00025761 /* MediaPlayer.framework */ = {isa = PBXFileReference; lastKnownFileType = wrapper.framework; name = MediaPlayer.framework; path = System/Library/Frameworks/MediaPlayer.framework; sourceTree = SDKROOT; };
		B7B18C381AF425C900025761 /* SystemConfiguration.framework */ = {isa = PBXFileReference; lastKnownFileType = wrapper.framework; name = SystemConfiguration.framework; path = System/Library/Frameworks/SystemConfiguration.framework; sourceTree = SDKROOT; };
		B7B18C3A1AF425D900025761 /* libz.1.2.5.dylib */ = {isa = PBXFileReference; lastKnownFileType = "compiled.mach-o.dylib"; name = libz.1.2.5.dylib; path = usr/lib/libz.1.2.5.dylib; sourceTree = SDKROOT; };
		B7BE3A6A21C6F0FF00BDC0AB /* CheckDataObject.h */ = {isa = PBXFileReference; lastKnownFileType = sourcecode.c.h; path = CheckDataObject.h; sourceTree = "<group>"; };
		B7BE3A6B21C6F0FF00BDC0AB /* CheckDataObject.m */ = {isa = PBXFileReference; lastKnownFileType = sourcecode.c.objc; path = CheckDataObject.m; sourceTree = "<group>"; };
		B7D5C9B81BCE073100EDCCC0 /* EPCEncoder.framework */ = {isa = PBXFileReference; lastKnownFileType = wrapper.framework; path = EPCEncoder.framework; sourceTree = "<group>"; };
		B7DA2FC71B7994FB00F4C2FC /* libsymbolrfid-sdk.a */ = {isa = PBXFileReference; lastKnownFileType = archive.ar; name = "libsymbolrfid-sdk.a"; path = "Zebra/libsymbolrfid-sdk.a"; sourceTree = "<group>"; };
		B7DA2FCB1B79977500F4C2FC /* CoreBluetooth.framework */ = {isa = PBXFileReference; lastKnownFileType = wrapper.framework; name = CoreBluetooth.framework; path = System/Library/Frameworks/CoreBluetooth.framework; sourceTree = SDKROOT; };
		B7DA2FCD1B79978200F4C2FC /* ExternalAccessory.framework */ = {isa = PBXFileReference; lastKnownFileType = wrapper.framework; name = ExternalAccessory.framework; path = System/Library/Frameworks/ExternalAccessory.framework; sourceTree = SDKROOT; };
		B7FEE0C21BF57E500030D260 /* ConverterTests.m */ = {isa = PBXFileReference; fileEncoding = 4; lastKnownFileType = sourcecode.c.objc; path = ConverterTests.m; sourceTree = "<group>"; };
/* End PBXFileReference section */

/* Begin PBXFrameworksBuildPhase section */
		B71C5C521AF000C700D28341 /* Frameworks */ = {
			isa = PBXFrameworksBuildPhase;
			buildActionMask = 2147483647;
			files = (
				B7B18C351AF425B100025761 /* AudioToolbox.framework in Frameworks */,
				B71C5C7F1AF00E3D00D28341 /* AVFoundation.framework in Frameworks */,
				B7B18C371AF425BC00025761 /* MediaPlayer.framework in Frameworks */,
				B7B18C391AF425C900025761 /* SystemConfiguration.framework in Frameworks */,
				B7D5C9B91BCE073100EDCCC0 /* EPCEncoder.framework in Frameworks */,
				B7117D521B38A7A800968426 /* libUGrokItApi.a in Frameworks */,
				B7B18C3B1AF425D900025761 /* libz.1.2.5.dylib in Frameworks */,
				B7DA2FC81B7994FB00F4C2FC /* libsymbolrfid-sdk.a in Frameworks */,
				B7DA2FCC1B79977500F4C2FC /* CoreBluetooth.framework in Frameworks */,
				B7DA2FCE1B79978200F4C2FC /* ExternalAccessory.framework in Frameworks */,
			);
			runOnlyForDeploymentPostprocessing = 0;
		};
		B71C5C6B1AF000C700D28341 /* Frameworks */ = {
			isa = PBXFrameworksBuildPhase;
			buildActionMask = 2147483647;
			files = (
				B7D5C9BA1BCE07C700EDCCC0 /* EPCEncoder.framework in Frameworks */,
			);
			runOnlyForDeploymentPostprocessing = 0;
		};
/* End PBXFrameworksBuildPhase section */

/* Begin PBXGroup section */
		B7117D411B38920E00968426 /* uGrokit */ = {
			isa = PBXGroup;
			children = (
				B7117D511B38A7A800968426 /* libUGrokItApi.a */,
				B77B31EB1BBC0C5C0017348E /* include */,
				B71C5C7E1AF00E3D00D28341 /* AVFoundation.framework */,
				B7B18C341AF425B100025761 /* AudioToolbox.framework */,
				B7B18C361AF425BC00025761 /* MediaPlayer.framework */,
				B7B18C381AF425C900025761 /* SystemConfiguration.framework */,
				B7B18C3A1AF425D900025761 /* libz.1.2.5.dylib */,
			);
			name = uGrokit;
			sourceTree = "<group>";
		};
		B71C5C4C1AF000C700D28341 = {
			isa = PBXGroup;
			children = (
				B71C5C571AF000C700D28341 /* ValiTag */,
				B71C5C711AF000C700D28341 /* ValiTagTests */,
				B7D5C9B71BCE071A00EDCCC0 /* EPCEncoder */,
				B71C5C561AF000C700D28341 /* Products */,
				B7117D411B38920E00968426 /* uGrokit */,
				B7DA2FC61B7994D100F4C2FC /* Zebra */,
			);
			sourceTree = "<group>";
		};
		B71C5C561AF000C700D28341 /* Products */ = {
			isa = PBXGroup;
			children = (
				B71C5C551AF000C700D28341 /* ValiTag.app */,
				B71C5C6E1AF000C700D28341 /* ValiTagTests.xctest */,
			);
			name = Products;
			sourceTree = "<group>";
		};
		B71C5C571AF000C700D28341 /* ValiTag */ = {
			isa = PBXGroup;
			children = (
				B7A733C51C0396E9008F2030 /* ValiTag.entitlements */,
				B71C5C5C1AF000C700D28341 /* AppDelegate.h */,
				B71C5C5D1AF000C700D28341 /* AppDelegate.m */,
				B7BE3A6A21C6F0FF00BDC0AB /* CheckDataObject.h */,
				B7BE3A6B21C6F0FF00BDC0AB /* CheckDataObject.m */,
				B79B20111AFA6FD800B7900D /* DataViewController.h */,
				B79B20121AFA6FD800B7900D /* DataViewController.m */,
				B71C5C801AF0108C00D28341 /* ScannerViewController.h */,
				B71C5C811AF0108C00D28341 /* ScannerViewController.m */,
				B7117D3B1B31FFF900968426 /* NavigationController.h */,
				B7117D3C1B31FFF900968426 /* NavigationController.m */,
				B71C5C621AF000C700D28341 /* Main.storyboard */,
				B71C5C651AF000C700D28341 /* Images.xcassets */,
				B71C5C671AF000C700D28341 /* LaunchScreen.xib */,
				B71C5C581AF000C700D28341 /* Supporting Files */,
			);
			path = ValiTag;
			sourceTree = "<group>";
		};
		B71C5C581AF000C700D28341 /* Supporting Files */ = {
			isa = PBXGroup;
			children = (
				B71C5C591AF000C700D28341 /* Info.plist */,
				B71C5C5A1AF000C700D28341 /* main.m */,
			);
			name = "Supporting Files";
			sourceTree = "<group>";
		};
		B71C5C711AF000C700D28341 /* ValiTagTests */ = {
			isa = PBXGroup;
			children = (
				B7FEE0C21BF57E500030D260 /* ConverterTests.m */,
				B76E24B51B7E4CAF004E8F73 /* EPCEncoderTests.m */,
				B76E24BB1B7E4D71004E8F73 /* ScannerVCTests.m */,
				B71C5C741AF000C700D28341 /* ValiTagTests.m */,
				B71C5C721AF000C700D28341 /* Supporting Files */,
			);
			path = ValiTagTests;
			sourceTree = "<group>";
		};
		B71C5C721AF000C700D28341 /* Supporting Files */ = {
			isa = PBXGroup;
			children = (
				B71C5C731AF000C700D28341 /* Info.plist */,
			);
			name = "Supporting Files";
			sourceTree = "<group>";
		};
		B77B31EB1BBC0C5C0017348E /* include */ = {
			isa = PBXGroup;
			children = (
				B77B31EC1BBC0C5C0017348E /* Ugi.h */,
				B77B31ED1BBC0C5C0017348E /* Ugi_antennaTuning.h */,
				B77B31EE1BBC0C5C0017348E /* Ugi_firmwareUpdate.h */,
				B77B31EF1BBC0C5C0017348E /* Ugi_regions.h */,
				B77B31F01BBC0C5C0017348E /* UgiConfigurationDelegate.h */,
				B77B31F11BBC0C5C0017348E /* UgiDefaultConfigurationUi.h */,
				B77B31F21BBC0C5C0017348E /* UgiEpc.h */,
				B77B31F31BBC0C5C0017348E /* UgiInventory.h */,
				B77B31F41BBC0C5C0017348E /* UgiInventoryDelegate.h */,
				B77B31F51BBC0C5C0017348E /* UgiJson.h */,
				B77B31F61BBC0C5C0017348E /* UgiRfidConfiguration.h */,
				B77B31F71BBC0C5C0017348E /* UgiTag.h */,
				B77B31F81BBC0C5C0017348E /* UgiTagReadState.h */,
				B77B31F91BBC0C5C0017348E /* UgiUiUtil.h */,
				B77B31FA1BBC0C5C0017348E /* UgiUtil.h */,
			);
			name = include;
			path = uGrokit/include;
			sourceTree = "<group>";
		};
		B77B31FB1BBC0C950017348E /* include */ = {
			isa = PBXGroup;
			children = (
				B77B31FC1BBC0C950017348E /* AccessOperationCode.h */,
				B77B31FD1BBC0C950017348E /* RfidAccessConfig.h */,
				B77B31FE1BBC0C950017348E /* RfidAntennaConfiguration.h */,
				B77B31FF1BBC0C950017348E /* RfidBatteryEvent.h */,
				B77B32001BBC0C950017348E /* RfidDynamicPowerConfig.h */,
				B77B32011BBC0C950017348E /* RfidLinkProfile.h */,
				B77B32021BBC0C950017348E /* RfidPreFilter.h */,
				B77B32031BBC0C950017348E /* RfidReaderCapabilitiesInfo.h */,
				B77B32041BBC0C950017348E /* RfidReaderInfo.h */,
				B77B32051BBC0C950017348E /* RfidReaderVersionInfo.h */,
				B77B32061BBC0C950017348E /* RfidRegionInfo.h */,
				B77B32071BBC0C950017348E /* RfidRegulatoryConfig.h */,
				B77B32081BBC0C950017348E /* RfidReportConfig.h */,
				B77B32091BBC0C950017348E /* RfidSdkApi.h */,
				B77B320A1BBC0C950017348E /* RfidSdkApiDelegate.h */,
				B77B320B1BBC0C950017348E /* RfidSdkDefs.h */,
				B77B320C1BBC0C950017348E /* RfidSdkFactory.h */,
				B77B320D1BBC0C950017348E /* RfidSingulationConfig.h */,
				B77B320E1BBC0C950017348E /* RfidStartTriggerConfig.h */,
				B77B320F1BBC0C950017348E /* RfidStopTriggerConfig.h */,
				B77B32101BBC0C950017348E /* RfidTagData.h */,
				B77B32111BBC0C950017348E /* RfidTagReportConfig.h */,
			);
			name = include;
			path = Zebra/include;
			sourceTree = "<group>";
		};
		B7D5C9B71BCE071A00EDCCC0 /* EPCEncoder */ = {
			isa = PBXGroup;
			children = (
				B7D5C9B81BCE073100EDCCC0 /* EPCEncoder.framework */,
			);
			name = EPCEncoder;
			sourceTree = "<group>";
		};
		B7DA2FC61B7994D100F4C2FC /* Zebra */ = {
			isa = PBXGroup;
			children = (
				B7DA2FC71B7994FB00F4C2FC /* libsymbolrfid-sdk.a */,
				B77B31FB1BBC0C950017348E /* include */,
				B7DA2FCB1B79977500F4C2FC /* CoreBluetooth.framework */,
				B7DA2FCD1B79978200F4C2FC /* ExternalAccessory.framework */,
			);
			name = Zebra;
			sourceTree = "<group>";
		};
/* End PBXGroup section */

/* Begin PBXNativeTarget section */
		B71C5C541AF000C700D28341 /* ValiTag */ = {
			isa = PBXNativeTarget;
			buildConfigurationList = B71C5C781AF000C700D28341 /* Build configuration list for PBXNativeTarget "ValiTag" */;
			buildPhases = (
				B71C5C511AF000C700D28341 /* Sources */,
				B71C5C521AF000C700D28341 /* Frameworks */,
				B71C5C531AF000C700D28341 /* Resources */,
			);
			buildRules = (
			);
			dependencies = (
			);
			name = ValiTag;
			productName = ValiTag;
			productReference = B71C5C551AF000C700D28341 /* ValiTag.app */;
			productType = "com.apple.product-type.application";
		};
		B71C5C6D1AF000C700D28341 /* ValiTagTests */ = {
			isa = PBXNativeTarget;
			buildConfigurationList = B71C5C7B1AF000C700D28341 /* Build configuration list for PBXNativeTarget "ValiTagTests" */;
			buildPhases = (
				B71C5C6A1AF000C700D28341 /* Sources */,
				B71C5C6B1AF000C700D28341 /* Frameworks */,
				B71C5C6C1AF000C700D28341 /* Resources */,
			);
			buildRules = (
			);
			dependencies = (
				B71C5C701AF000C700D28341 /* PBXTargetDependency */,
			);
			name = ValiTagTests;
			productName = ValiTagTests;
			productReference = B71C5C6E1AF000C700D28341 /* ValiTagTests.xctest */;
			productType = "com.apple.product-type.bundle.unit-test";
		};
/* End PBXNativeTarget section */

/* Begin PBXProject section */
		B71C5C4D1AF000C700D28341 /* Project object */ = {
			isa = PBXProject;
			attributes = {
				LastUpgradeCheck = 0710;
				ORGANIZATIONNAME = Tim.Milne;
				TargetAttributes = {
					B71C5C541AF000C700D28341 = {
						CreatedOnToolsVersion = 6.2;
						DevelopmentTeam = 6B6T6M8GHY;
						SystemCapabilities = {
							com.apple.ApplicationGroups.iOS = {
								enabled = 1;
							};
						};
					};
					B71C5C6D1AF000C700D28341 = {
						CreatedOnToolsVersion = 6.2;
						DevelopmentTeam = 6B6T6M8GHY;
						TestTargetID = B71C5C541AF000C700D28341;
					};
				};
			};
			buildConfigurationList = B71C5C501AF000C700D28341 /* Build configuration list for PBXProject "ValiTag" */;
			compatibilityVersion = "Xcode 3.2";
			developmentRegion = English;
			hasScannedForEncodings = 0;
			knownRegions = (
				en,
				Base,
			);
			mainGroup = B71C5C4C1AF000C700D28341;
			productRefGroup = B71C5C561AF000C700D28341 /* Products */;
			projectDirPath = "";
			projectRoot = "";
			targets = (
				B71C5C541AF000C700D28341 /* ValiTag */,
				B71C5C6D1AF000C700D28341 /* ValiTagTests */,
			);
		};
/* End PBXProject section */

/* Begin PBXResourcesBuildPhase section */
		B71C5C531AF000C700D28341 /* Resources */ = {
			isa = PBXResourcesBuildPhase;
			buildActionMask = 2147483647;
			files = (
				B71C5C641AF000C700D28341 /* Main.storyboard in Resources */,
				B71C5C691AF000C700D28341 /* LaunchScreen.xib in Resources */,
				B71C5C661AF000C700D28341 /* Images.xcassets in Resources */,
			);
			runOnlyForDeploymentPostprocessing = 0;
		};
		B71C5C6C1AF000C700D28341 /* Resources */ = {
			isa = PBXResourcesBuildPhase;
			buildActionMask = 2147483647;
			files = (
			);
			runOnlyForDeploymentPostprocessing = 0;
		};
/* End PBXResourcesBuildPhase section */

/* Begin PBXSourcesBuildPhase section */
		B71C5C511AF000C700D28341 /* Sources */ = {
			isa = PBXSourcesBuildPhase;
			buildActionMask = 2147483647;
			files = (
				B71C5C5E1AF000C700D28341 /* AppDelegate.m in Sources */,
				B79B20131AFA6FD800B7900D /* DataViewController.m in Sources */,
				B7117D3D1B31FFF900968426 /* NavigationController.m in Sources */,
				B71C5C5B1AF000C700D28341 /* main.m in Sources */,
				B7BE3A6C21C6F0FF00BDC0AB /* CheckDataObject.m in Sources */,
				B71C5C821AF0108C00D28341 /* ScannerViewController.m in Sources */,
			);
			runOnlyForDeploymentPostprocessing = 0;
		};
		B71C5C6A1AF000C700D28341 /* Sources */ = {
			isa = PBXSourcesBuildPhase;
			buildActionMask = 2147483647;
			files = (
				B71C5C751AF000C700D28341 /* ValiTagTests.m in Sources */,
				B76E24BC1B7E4D71004E8F73 /* ScannerVCTests.m in Sources */,
				B7FEE0C31BF57E500030D260 /* ConverterTests.m in Sources */,
				B76E24B61B7E4CAF004E8F73 /* EPCEncoderTests.m in Sources */,
			);
			runOnlyForDeploymentPostprocessing = 0;
		};
/* End PBXSourcesBuildPhase section */

/* Begin PBXTargetDependency section */
		B71C5C701AF000C700D28341 /* PBXTargetDependency */ = {
			isa = PBXTargetDependency;
			target = B71C5C541AF000C700D28341 /* ValiTag */;
			targetProxy = B71C5C6F1AF000C700D28341 /* PBXContainerItemProxy */;
		};
/* End PBXTargetDependency section */

/* Begin PBXVariantGroup section */
		B71C5C621AF000C700D28341 /* Main.storyboard */ = {
			isa = PBXVariantGroup;
			children = (
				B71C5C631AF000C700D28341 /* Base */,
			);
			name = Main.storyboard;
			sourceTree = "<group>";
		};
		B71C5C671AF000C700D28341 /* LaunchScreen.xib */ = {
			isa = PBXVariantGroup;
			children = (
				B71C5C681AF000C700D28341 /* Base */,
			);
			name = LaunchScreen.xib;
			sourceTree = "<group>";
		};
/* End PBXVariantGroup section */

/* Begin XCBuildConfiguration section */
		B71C5C761AF000C700D28341 /* Debug */ = {
			isa = XCBuildConfiguration;
			buildSettings = {
				ALWAYS_SEARCH_USER_PATHS = NO;
				CLANG_CXX_LANGUAGE_STANDARD = "gnu++0x";
				CLANG_CXX_LIBRARY = "libc++";
				CLANG_ENABLE_MODULES = YES;
				CLANG_ENABLE_OBJC_ARC = YES;
				CLANG_WARN_BOOL_CONVERSION = YES;
				CLANG_WARN_CONSTANT_CONVERSION = YES;
				CLANG_WARN_DIRECT_OBJC_ISA_USAGE = YES_ERROR;
				CLANG_WARN_EMPTY_BODY = YES;
				CLANG_WARN_ENUM_CONVERSION = YES;
				CLANG_WARN_INT_CONVERSION = YES;
				CLANG_WARN_OBJC_ROOT_CLASS = YES_ERROR;
				CLANG_WARN_UNREACHABLE_CODE = YES;
				CLANG_WARN__DUPLICATE_METHOD_MATCH = YES;
				"CODE_SIGN_IDENTITY[sdk=iphoneos*]" = "iPhone Developer";
				COPY_PHASE_STRIP = NO;
				ENABLE_STRICT_OBJC_MSGSEND = YES;
				ENABLE_TESTABILITY = YES;
				GCC_C_LANGUAGE_STANDARD = gnu99;
				GCC_DYNAMIC_NO_PIC = NO;
				GCC_OPTIMIZATION_LEVEL = 0;
				GCC_PREPROCESSOR_DEFINITIONS = (
					"DEBUG=1",
					"$(inherited)",
				);
				GCC_SYMBOLS_PRIVATE_EXTERN = NO;
				GCC_WARN_64_TO_32_BIT_CONVERSION = YES;
				GCC_WARN_ABOUT_RETURN_TYPE = YES_ERROR;
				GCC_WARN_UNDECLARED_SELECTOR = YES;
				GCC_WARN_UNINITIALIZED_AUTOS = YES_AGGRESSIVE;
				GCC_WARN_UNUSED_FUNCTION = YES;
				GCC_WARN_UNUSED_VARIABLE = YES;
				IPHONEOS_DEPLOYMENT_TARGET = 8.3;
				MTL_ENABLE_DEBUG_INFO = YES;
				ONLY_ACTIVE_ARCH = YES;
				SDKROOT = iphoneos;
				TARGETED_DEVICE_FAMILY = "1,2";
			};
			name = Debug;
		};
		B71C5C771AF000C700D28341 /* Release */ = {
			isa = XCBuildConfiguration;
			buildSettings = {
				ALWAYS_SEARCH_USER_PATHS = NO;
				CLANG_CXX_LANGUAGE_STANDARD = "gnu++0x";
				CLANG_CXX_LIBRARY = "libc++";
				CLANG_ENABLE_MODULES = YES;
				CLANG_ENABLE_OBJC_ARC = YES;
				CLANG_WARN_BOOL_CONVERSION = YES;
				CLANG_WARN_CONSTANT_CONVERSION = YES;
				CLANG_WARN_DIRECT_OBJC_ISA_USAGE = YES_ERROR;
				CLANG_WARN_EMPTY_BODY = YES;
				CLANG_WARN_ENUM_CONVERSION = YES;
				CLANG_WARN_INT_CONVERSION = YES;
				CLANG_WARN_OBJC_ROOT_CLASS = YES_ERROR;
				CLANG_WARN_UNREACHABLE_CODE = YES;
				CLANG_WARN__DUPLICATE_METHOD_MATCH = YES;
				"CODE_SIGN_IDENTITY[sdk=iphoneos*]" = "iPhone Developer";
				COPY_PHASE_STRIP = NO;
				ENABLE_NS_ASSERTIONS = NO;
				ENABLE_STRICT_OBJC_MSGSEND = YES;
				GCC_C_LANGUAGE_STANDARD = gnu99;
				GCC_WARN_64_TO_32_BIT_CONVERSION = YES;
				GCC_WARN_ABOUT_RETURN_TYPE = YES_ERROR;
				GCC_WARN_UNDECLARED_SELECTOR = YES;
				GCC_WARN_UNINITIALIZED_AUTOS = YES_AGGRESSIVE;
				GCC_WARN_UNUSED_FUNCTION = YES;
				GCC_WARN_UNUSED_VARIABLE = YES;
				IPHONEOS_DEPLOYMENT_TARGET = 8.3;
				MTL_ENABLE_DEBUG_INFO = NO;
				SDKROOT = iphoneos;
				TARGETED_DEVICE_FAMILY = "1,2";
				VALIDATE_PRODUCT = YES;
			};
			name = Release;
		};
		B71C5C791AF000C700D28341 /* Debug */ = {
			isa = XCBuildConfiguration;
			buildSettings = {
				ASSETCATALOG_COMPILER_APPICON_NAME = AppIcon;
				CLANG_ENABLE_MODULES = YES;
				CODE_SIGN_ENTITLEMENTS = ValiTag/ValiTag.entitlements;
				CODE_SIGN_IDENTITY = "iPhone Developer";
				DEBUG_INFORMATION_FORMAT = dwarf;
				DEFINES_MODULE = NO;
				DEVELOPMENT_TEAM = 6B6T6M8GHY;
				ENABLE_BITCODE = NO;
				FRAMEWORK_SEARCH_PATHS = (
					"$(inherited)",
					"$(PROJECT_DIR)",
				);
				GCC_PRECOMPILE_PREFIX_HEADER = NO;
				INFOPLIST_FILE = ValiTag/Info.plist;
				IPHONEOS_DEPLOYMENT_TARGET = 8.3;
				LD_RUNPATH_SEARCH_PATHS = "$(inherited) @executable_path/Frameworks";
				LIBRARY_SEARCH_PATHS = (
					"$(inherited)",
					"$(PROJECT_DIR)",
					"$(PROJECT_DIR)/uGrokit",
					"$(PROJECT_DIR)/Zebra",
				);
				OTHER_LDFLAGS = "-ObjC";
				PRODUCT_BUNDLE_IDENTIFIER = com.timmilne.valitag;
				PRODUCT_NAME = "$(TARGET_NAME)";
				USER_HEADER_SEARCH_PATHS = "uGrokit/include/** Zebra/include/**";
			};
			name = Debug;
		};
		B71C5C7A1AF000C700D28341 /* Release */ = {
			isa = XCBuildConfiguration;
			buildSettings = {
				ASSETCATALOG_COMPILER_APPICON_NAME = AppIcon;
				CLANG_ENABLE_MODULES = YES;
				CODE_SIGN_ENTITLEMENTS = ValiTag/ValiTag.entitlements;
				CODE_SIGN_IDENTITY = "iPhone Developer";
				DEBUG_INFORMATION_FORMAT = "dwarf-with-dsym";
				DEFINES_MODULE = NO;
				DEVELOPMENT_TEAM = 6B6T6M8GHY;
				ENABLE_BITCODE = NO;
				FRAMEWORK_SEARCH_PATHS = (
					"$(inherited)",
					"$(PROJECT_DIR)",
				);
				GCC_PRECOMPILE_PREFIX_HEADER = NO;
				INFOPLIST_FILE = ValiTag/Info.plist;
				IPHONEOS_DEPLOYMENT_TARGET = 8.3;
				LD_RUNPATH_SEARCH_PATHS = "$(inherited) @executable_path/Frameworks";
				LIBRARY_SEARCH_PATHS = (
					"$(inherited)",
					"$(PROJECT_DIR)",
					"$(PROJECT_DIR)/uGrokit",
					"$(PROJECT_DIR)/Zebra",
				);
				OTHER_LDFLAGS = "-ObjC";
				PRODUCT_BUNDLE_IDENTIFIER = com.timmilne.valitag;
				PRODUCT_NAME = "$(TARGET_NAME)";
				USER_HEADER_SEARCH_PATHS = "uGrokit/include/** Zebra/include/**";
			};
			name = Release;
		};
		B71C5C7C1AF000C700D28341 /* Debug */ = {
			isa = XCBuildConfiguration;
			buildSettings = {
				BUNDLE_LOADER = "$(TEST_HOST)";
				DEVELOPMENT_TEAM = 6B6T6M8GHY;
				FRAMEWORK_SEARCH_PATHS = (
					"$(inherited)",
					"$(PROJECT_DIR)",
				);
				GCC_PREPROCESSOR_DEFINITIONS = (
					"DEBUG=1",
					"$(inherited)",
				);
				INFOPLIST_FILE = ValiTagTests/Info.plist;
				LD_RUNPATH_SEARCH_PATHS = "$(inherited) @executable_path/Frameworks @loader_path/Frameworks";
				PRODUCT_BUNDLE_IDENTIFIER = "com.target.stores.$(PRODUCT_NAME:rfc1034identifier:lower)";
				PRODUCT_NAME = "$(TARGET_NAME)";
				TEST_HOST = "$(BUILT_PRODUCTS_DIR)/ValiTag.app/ValiTag";
			};
			name = Debug;
		};
		B71C5C7D1AF000C700D28341 /* Release */ = {
			isa = XCBuildConfiguration;
			buildSettings = {
				BUNDLE_LOADER = "$(TEST_HOST)";
				DEVELOPMENT_TEAM = 6B6T6M8GHY;
				FRAMEWORK_SEARCH_PATHS = (
					"$(inherited)",
					"$(PROJECT_DIR)",
				);
				INFOPLIST_FILE = ValiTagTests/Info.plist;
				LD_RUNPATH_SEARCH_PATHS = "$(inherited) @executable_path/Frameworks @loader_path/Frameworks";
				PRODUCT_BUNDLE_IDENTIFIER = "com.target.stores.$(PRODUCT_NAME:rfc1034identifier:lower)";
				PRODUCT_NAME = "$(TARGET_NAME)";
				TEST_HOST = "$(BUILT_PRODUCTS_DIR)/ValiTag.app/ValiTag";
			};
			name = Release;
		};
/* End XCBuildConfiguration section */

/* Begin XCConfigurationList section */
		B71C5C501AF000C700D28341 /* Build configuration list for PBXProject "ValiTag" */ = {
			isa = XCConfigurationList;
			buildConfigurations = (
				B71C5C761AF000C700D28341 /* Debug */,
				B71C5C771AF000C700D28341 /* Release */,
			);
			defaultConfigurationIsVisible = 0;
			defaultConfigurationName = Release;
		};
		B71C5C781AF000C700D28341 /* Build configuration list for PBXNativeTarget "ValiTag" */ = {
			isa = XCConfigurationList;
			buildConfigurations = (
				B71C5C791AF000C700D28341 /* Debug */,
				B71C5C7A1AF000C700D28341 /* Release */,
			);
			defaultConfigurationIsVisible = 0;
			defaultConfigurationName = Release;
		};
		B71C5C7B1AF000C700D28341 /* Build configuration list for PBXNativeTarget "ValiTagTests" */ = {
			isa = XCConfigurationList;
			buildConfigurations = (
				B71C5C7C1AF000C700D28341 /* Debug */,
				B71C5C7D1AF000C700D28341 /* Release */,
			);
			defaultConfigurationIsVisible = 0;
			defaultConfigurationName = Release;
		};
/* End XCConfigurationList section */
	};
	rootObject = B71C5C4D1AF000C700D28341 /* Project object */;
}
